
Microsoft Visual Studio Solution File, Format Version 12.00
# Visual Studio Version 17
VisualStudioVersion = 17.8.34525.116
MinimumVisualStudioVersion = 10.0.40219.1
Project("{9A19103F-16F7-4668-BE54-9A1E7A4F7556}") = "SMCode", "SMCode\SMCode.csproj", "{B808639D-EA73-47BA-A064-9010A21BF9C5}"
EndProject
Project("{2150E333-8FDC-42A3-9474-1A3956D46DE8}") = "Elementi di soluzione", "Elementi di soluzione", "{C8C26360-8BDD-4831-BA7E-979DF46DA76F}"
	ProjectSection(SolutionItems) = preProject
		LICENSE = LICENSE
		README.md = README.md
	EndProjectSection
EndProject
Global
	GlobalSection(SolutionConfigurationPlatforms) = preSolution
		Debug|Any CPU = Debug|Any CPU
		Debug|x64 = Debug|x64
		Release|Any CPU = Release|Any CPU
		Release|x64 = Release|x64
	EndGlobalSection
	GlobalSection(ProjectConfigurationPlatforms) = postSolution
		{B808639D-EA73-47BA-A064-9010A21BF9C5}.Debug|Any CPU.ActiveCfg = Debug|Any CPU
		{B808639D-EA73-47BA-A064-9010A21BF9C5}.Debug|Any CPU.Build.0 = Debug|Any CPU
		{B808639D-EA73-47BA-A064-9010A21BF9C5}.Debug|x64.ActiveCfg = Debug|Any CPU
		{B808639D-EA73-47BA-A064-9010A21BF9C5}.Debug|x64.Build.0 = Debug|Any CPU
		{B808639D-EA73-47BA-A064-9010A21BF9C5}.Release|Any CPU.ActiveCfg = Release|Any CPU
		{B808639D-EA73-47BA-A064-9010A21BF9C5}.Release|Any CPU.Build.0 = Release|Any CPU
		{B808639D-EA73-47BA-A064-9010A21BF9C5}.Release|x64.ActiveCfg = Release|Any CPU
		{B808639D-EA73-47BA-A064-9010A21BF9C5}.Release|x64.Build.0 = Release|Any CPU
	EndGlobalSection
	GlobalSection(SolutionProperties) = preSolution
		HideSolutionNode = FALSE
	EndGlobalSection
	GlobalSection(ExtensibilityGlobals) = postSolution
		SolutionGuid = {AC7116A5-2F83-4BB5-9EE5-515550BCB724}
	EndGlobalSection
EndGlobal
